
Microsoft Visual Studio Solution File, Format Version 12.00
# Visual Studio Version 17
VisualStudioVersion = 17.8.34205.153
MinimumVisualStudioVersion = 10.0.40219.1
Project("{FAE04EC0-301F-11D3-BF4B-00C04F79EFBC}") = "Base64rontTest", "Base64rontTest.csproj", "{5D155B37-D544-4470-8176-BB634E832759}"
EndProject
Global
	GlobalSection(SolutionConfigurationPlatforms) = preSolution
		Debug|Any CPU = Debug|Any CPU
		Release|Any CPU = Release|Any CPU
	EndGlobalSection
	GlobalSection(ProjectConfigurationPlatforms) = postSolution
		{5D155B37-D544-4470-8176-BB634E832759}.Debug|Any CPU.ActiveCfg = Debug|Any CPU
		{5D155B37-D544-4470-8176-BB634E832759}.Debug|Any CPU.Build.0 = Debug|Any CPU
		{5D155B37-D544-4470-8176-BB634E832759}.Release|Any CPU.ActiveCfg = Release|Any CPU
		{5D155B37-D544-4470-8176-BB634E832759}.Release|Any CPU.Build.0 = Release|Any CPU
	EndGlobalSection
	GlobalSection(SolutionProperties) = preSolution
		HideSolutionNode = FALSE
	EndGlobalSection
	GlobalSection(ExtensibilityGlobals) = postSolution
		SolutionGuid = {21CEFE51-B50E-49C9-8DCC-BBE128D270B9}
	EndGlobalSection
EndGlobal
